// !$*UTF8*$!
{
	archiveVersion = 1;
	classes = {
	};
	objectVersion = 46;
	objects = {

/* Begin PBXBuildFile section */
		1EF64A7F1D07668C00B8CC1A /* AppDelegate.swift in Sources */ = {isa = PBXBuildFile; fileRef = 1EF64A7E1D07668C00B8CC1A /* AppDelegate.swift */; };
		1EF64A811D07668C00B8CC1A /* ViewController.swift in Sources */ = {isa = PBXBuildFile; fileRef = 1EF64A801D07668C00B8CC1A /* ViewController.swift */; };
		1EF64A841D07668C00B8CC1A /* Main.storyboard in Resources */ = {isa = PBXBuildFile; fileRef = 1EF64A821D07668C00B8CC1A /* Main.storyboard */; };
		1EF64A861D07668C00B8CC1A /* Assets.xcassets in Resources */ = {isa = PBXBuildFile; fileRef = 1EF64A851D07668C00B8CC1A /* Assets.xcassets */; };
		1EF64A891D07668C00B8CC1A /* LaunchScreen.storyboard in Resources */ = {isa = PBXBuildFile; fileRef = 1EF64A871D07668C00B8CC1A /* LaunchScreen.storyboard */; };
		1EF64A941D07668D00B8CC1A /* parallax_scroll_viewTests.swift in Sources */ = {isa = PBXBuildFile; fileRef = 1EF64A931D07668D00B8CC1A /* parallax_scroll_viewTests.swift */; };
		1EF64A9F1D07668D00B8CC1A /* parallax_scroll_viewUITests.swift in Sources */ = {isa = PBXBuildFile; fileRef = 1EF64A9E1D07668D00B8CC1A /* parallax_scroll_viewUITests.swift */; };
		1EF64AAF1D076ED600B8CC1A /* random.jpg in Resources */ = {isa = PBXBuildFile; fileRef = 1EF64AAE1D076ED600B8CC1A /* random.jpg */; };
/* End PBXBuildFile section */

/* Begin PBXContainerItemProxy section */
		1EF64A901D07668D00B8CC1A /* PBXContainerItemProxy */ = {
			isa = PBXContainerItemProxy;
			containerPortal = 1EF64A731D07668C00B8CC1A /* Project object */;
			proxyType = 1;
			remoteGlobalIDString = 1EF64A7A1D07668C00B8CC1A;
			remoteInfo = "parallax scroll view";
		};
		1EF64A9B1D07668D00B8CC1A /* PBXContainerItemProxy */ = {
			isa = PBXContainerItemProxy;
			containerPortal = 1EF64A731D07668C00B8CC1A /* Project object */;
			proxyType = 1;
			remoteGlobalIDString = 1EF64A7A1D07668C00B8CC1A;
			remoteInfo = "parallax scroll view";
		};
/* End PBXContainerItemProxy section */

/* Begin PBXFileReference section */
		1EF64A7B1D07668C00B8CC1A /* parallax scroll view.app */ = {isa = PBXFileReference; explicitFileType = wrapper.application; includeInIndex = 0; path = "parallax scroll view.app"; sourceTree = BUILT_PRODUCTS_DIR; };
		1EF64A7E1D07668C00B8CC1A /* AppDelegate.swift */ = {isa = PBXFileReference; lastKnownFileType = sourcecode.swift; path = AppDelegate.swift; sourceTree = "<group>"; };
		1EF64A801D07668C00B8CC1A /* ViewController.swift */ = {isa = PBXFileReference; lastKnownFileType = sourcecode.swift; path = ViewController.swift; sourceTree = "<group>"; };
		1EF64A831D07668C00B8CC1A /* Base */ = {isa = PBXFileReference; lastKnownFileType = file.storyboard; name = Base; path = Base.lproj/Main.storyboard; sourceTree = "<group>"; };
		1EF64A851D07668C00B8CC1A /* Assets.xcassets */ = {isa = PBXFileReference; lastKnownFileType = folder.assetcatalog; path = Assets.xcassets; sourceTree = "<group>"; };
		1EF64A881D07668C00B8CC1A /* Base */ = {isa = PBXFileReference; lastKnownFileType = file.storyboard; name = Base; path = Base.lproj/LaunchScreen.storyboard; sourceTree = "<group>"; };
		1EF64A8A1D07668D00B8CC1A /* Info.plist */ = {isa = PBXFileReference; lastKnownFileType = text.plist.xml; path = Info.plist; sourceTree = "<group>"; };
		1EF64A8F1D07668D00B8CC1A /* parallax scroll viewTests.xctest */ = {isa = PBXFileReference; explicitFileType = wrapper.cfbundle; includeInIndex = 0; path = "parallax scroll viewTests.xctest"; sourceTree = BUILT_PRODUCTS_DIR; };
		1EF64A931D07668D00B8CC1A /* parallax_scroll_viewTests.swift */ = {isa = PBXFileReference; lastKnownFileType = sourcecode.swift; path = parallax_scroll_viewTests.swift; sourceTree = "<group>"; };
		1EF64A951D07668D00B8CC1A /* Info.plist */ = {isa = PBXFileReference; lastKnownFileType = text.plist.xml; path = Info.plist; sourceTree = "<group>"; };
		1EF64A9A1D07668D00B8CC1A /* parallax scroll viewUITests.xctest */ = {isa = PBXFileReference; explicitFileType = wrapper.cfbundle; includeInIndex = 0; path = "parallax scroll viewUITests.xctest"; sourceTree = BUILT_PRODUCTS_DIR; };
		1EF64A9E1D07668D00B8CC1A /* parallax_scroll_viewUITests.swift */ = {isa = PBXFileReference; lastKnownFileType = sourcecode.swift; path = parallax_scroll_viewUITests.swift; sourceTree = "<group>"; };
		1EF64AA01D07668D00B8CC1A /* Info.plist */ = {isa = PBXFileReference; lastKnownFileType = text.plist.xml; path = Info.plist; sourceTree = "<group>"; };
		1EF64AAE1D076ED600B8CC1A /* random.jpg */ = {isa = PBXFileReference; lastKnownFileType = image.jpeg; path = random.jpg; sourceTree = "<group>"; };
/* End PBXFileReference section */

/* Begin PBXFrameworksBuildPhase section */
		1EF64A781D07668C00B8CC1A /* Frameworks */ = {
			isa = PBXFrameworksBuildPhase;
			buildActionMask = 2147483647;
			files = (
			);
			runOnlyForDeploymentPostprocessing = 0;
		};
		1EF64A8C1D07668D00B8CC1A /* Frameworks */ = {
			isa = PBXFrameworksBuildPhase;
			buildActionMask = 2147483647;
			files = (
			);
			runOnlyForDeploymentPostprocessing = 0;
		};
		1EF64A971D07668D00B8CC1A /* Frameworks */ = {
			isa = PBXFrameworksBuildPhase;
			buildActionMask = 2147483647;
			files = (
			);
			runOnlyForDeploymentPostprocessing = 0;
		};
/* End PBXFrameworksBuildPhase section */

/* Begin PBXGroup section */
		1EF64A721D07668C00B8CC1A = {
			isa = PBXGroup;
			children = (
				1EF64A7D1D07668C00B8CC1A /* parallax scroll view */,
				1EF64A921D07668D00B8CC1A /* parallax scroll viewTests */,
				1EF64A9D1D07668D00B8CC1A /* parallax scroll viewUITests */,
				1EF64A7C1D07668C00B8CC1A /* Products */,
			);
			sourceTree = "<group>";
		};
		1EF64A7C1D07668C00B8CC1A /* Products */ = {
			isa = PBXGroup;
			children = (
				1EF64A7B1D07668C00B8CC1A /* parallax scroll view.app */,
				1EF64A8F1D07668D00B8CC1A /* parallax scroll viewTests.xctest */,
				1EF64A9A1D07668D00B8CC1A /* parallax scroll viewUITests.xctest */,
			);
			name = Products;
			sourceTree = "<group>";
		};
		1EF64A7D1D07668C00B8CC1A /* parallax scroll view */ = {
			isa = PBXGroup;
			children = (
				1EF64A7E1D07668C00B8CC1A /* AppDelegate.swift */,
				1EF64A801D07668C00B8CC1A /* ViewController.swift */,
				1EF64A821D07668C00B8CC1A /* Main.storyboard */,
				1EF64A851D07668C00B8CC1A /* Assets.xcassets */,
				1EF64AAE1D076ED600B8CC1A /* random.jpg */,
				1EF64A871D07668C00B8CC1A /* LaunchScreen.storyboard */,
				1EF64A8A1D07668D00B8CC1A /* Info.plist */,
			);
			path = "parallax scroll view";
			sourceTree = "<group>";
		};
		1EF64A921D07668D00B8CC1A /* parallax scroll viewTests */ = {
			isa = PBXGroup;
			children = (
				1EF64A931D07668D00B8CC1A /* parallax_scroll_viewTests.swift */,
				1EF64A951D07668D00B8CC1A /* Info.plist */,
			);
			path = "parallax scroll viewTests";
			sourceTree = "<group>";
		};
		1EF64A9D1D07668D00B8CC1A /* parallax scroll viewUITests */ = {
			isa = PBXGroup;
			children = (
				1EF64A9E1D07668D00B8CC1A /* parallax_scroll_viewUITests.swift */,
				1EF64AA01D07668D00B8CC1A /* Info.plist */,
			);
			path = "parallax scroll viewUITests";
			sourceTree = "<group>";
		};
/* End PBXGroup section */

/* Begin PBXNativeTarget section */
		1EF64A7A1D07668C00B8CC1A /* parallax scroll view */ = {
			isa = PBXNativeTarget;
			buildConfigurationList = 1EF64AA31D07668D00B8CC1A /* Build configuration list for PBXNativeTarget "parallax scroll view" */;
			buildPhases = (
				1EF64A771D07668C00B8CC1A /* Sources */,
				1EF64A781D07668C00B8CC1A /* Frameworks */,
				1EF64A791D07668C00B8CC1A /* Resources */,
			);
			buildRules = (
			);
			dependencies = (
			);
			name = "parallax scroll view";
			productName = "parallax scroll view";
			productReference = 1EF64A7B1D07668C00B8CC1A /* parallax scroll view.app */;
			productType = "com.apple.product-type.application";
		};
		1EF64A8E1D07668D00B8CC1A /* parallax scroll viewTests */ = {
			isa = PBXNativeTarget;
			buildConfigurationList = 1EF64AA61D07668D00B8CC1A /* Build configuration list for PBXNativeTarget "parallax scroll viewTests" */;
			buildPhases = (
				1EF64A8B1D07668D00B8CC1A /* Sources */,
				1EF64A8C1D07668D00B8CC1A /* Frameworks */,
				1EF64A8D1D07668D00B8CC1A /* Resources */,
			);
			buildRules = (
			);
			dependencies = (
				1EF64A911D07668D00B8CC1A /* PBXTargetDependency */,
			);
			name = "parallax scroll viewTests";
			productName = "parallax scroll viewTests";
			productReference = 1EF64A8F1D07668D00B8CC1A /* parallax scroll viewTests.xctest */;
			productType = "com.apple.product-type.bundle.unit-test";
		};
		1EF64A991D07668D00B8CC1A /* parallax scroll viewUITests */ = {
			isa = PBXNativeTarget;
			buildConfigurationList = 1EF64AA91D07668D00B8CC1A /* Build configuration list for PBXNativeTarget "parallax scroll viewUITests" */;
			buildPhases = (
				1EF64A961D07668D00B8CC1A /* Sources */,
				1EF64A971D07668D00B8CC1A /* Frameworks */,
				1EF64A981D07668D00B8CC1A /* Resources */,
			);
			buildRules = (
			);
			dependencies = (
				1EF64A9C1D07668D00B8CC1A /* PBXTargetDependency */,
			);
			name = "parallax scroll viewUITests";
			productName = "parallax scroll viewUITests";
			productReference = 1EF64A9A1D07668D00B8CC1A /* parallax scroll viewUITests.xctest */;
			productType = "com.apple.product-type.bundle.ui-testing";
		};
/* End PBXNativeTarget section */

/* Begin PBXProject section */
		1EF64A731D07668C00B8CC1A /* Project object */ = {
			isa = PBXProject;
			attributes = {
				LastSwiftUpdateCheck = 0730;
				LastUpgradeCheck = 0730;
				ORGANIZATIONNAME = "Arunjot Singh";
				TargetAttributes = {
					1EF64A7A1D07668C00B8CC1A = {
						CreatedOnToolsVersion = 7.3.1;
						DevelopmentTeam = ZX8GF82K43;
					};
					1EF64A8E1D07668D00B8CC1A = {
						CreatedOnToolsVersion = 7.3.1;
						DevelopmentTeam = ZNF5PUBL3L;
						TestTargetID = 1EF64A7A1D07668C00B8CC1A;
					};
					1EF64A991D07668D00B8CC1A = {
						CreatedOnToolsVersion = 7.3.1;
						DevelopmentTeam = ZNF5PUBL3L;
						TestTargetID = 1EF64A7A1D07668C00B8CC1A;
					};
				};
			};
			buildConfigurationList = 1EF64A761D07668C00B8CC1A /* Build configuration list for PBXProject "parallax scroll view" */;
			compatibilityVersion = "Xcode 3.2";
			developmentRegion = English;
			hasScannedForEncodings = 0;
			knownRegions = (
				en,
				Base,
			);
			mainGroup = 1EF64A721D07668C00B8CC1A;
			productRefGroup = 1EF64A7C1D07668C00B8CC1A /* Products */;
			projectDirPath = "";
			projectRoot = "";
			targets = (
				1EF64A7A1D07668C00B8CC1A /* parallax scroll view */,
				1EF64A8E1D07668D00B8CC1A /* parallax scroll viewTests */,
				1EF64A991D07668D00B8CC1A /* parallax scroll viewUITests */,
			);
		};
/* End PBXProject section */

/* Begin PBXResourcesBuildPhase section */
		1EF64A791D07668C00B8CC1A /* Resources */ = {
			isa = PBXResourcesBuildPhase;
			buildActionMask = 2147483647;
			files = (
				1EF64A891D07668C00B8CC1A /* LaunchScreen.storyboard in Resources */,
				1EF64A861D07668C00B8CC1A /* Assets.xcassets in Resources */,
				1EF64AAF1D076ED600B8CC1A /* random.jpg in Resources */,
				1EF64A841D07668C00B8CC1A /* Main.storyboard in Resources */,
			);
			runOnlyForDeploymentPostprocessing = 0;
		};
		1EF64A8D1D07668D00B8CC1A /* Resources */ = {
			isa = PBXResourcesBuildPhase;
			buildActionMask = 2147483647;
			files = (
			);
			runOnlyForDeploymentPostprocessing = 0;
		};
		1EF64A981D07668D00B8CC1A /* Resources */ = {
			isa = PBXResourcesBuildPhase;
			buildActionMask = 2147483647;
			files = (
			);
			runOnlyForDeploymentPostprocessing = 0;
		};
/* End PBXResourcesBuildPhase section */

/* Begin PBXSourcesBuildPhase section */
		1EF64A771D07668C00B8CC1A /* Sources */ = {
			isa = PBXSourcesBuildPhase;
			buildActionMask = 2147483647;
			files = (
				1EF64A811D07668C00B8CC1A /* ViewController.swift in Sources */,
				1EF64A7F1D07668C00B8CC1A /* AppDelegate.swift in Sources */,
			);
			runOnlyForDeploymentPostprocessing = 0;
		};
		1EF64A8B1D07668D00B8CC1A /* Sources */ = {
			isa = PBXSourcesBuildPhase;
			buildActionMask = 2147483647;
			files = (
				1EF64A941D07668D00B8CC1A /* parallax_scroll_viewTests.swift in Sources */,
			);
			runOnlyForDeploymentPostprocessing = 0;
		};
		1EF64A961D07668D00B8CC1A /* Sources */ = {
			isa = PBXSourcesBuildPhase;
			buildActionMask = 2147483647;
			files = (
				1EF64A9F1D07668D00B8CC1A /* parallax_scroll_viewUITests.swift in Sources */,
			);
			runOnlyForDeploymentPostprocessing = 0;
		};
/* End PBXSourcesBuildPhase section */

/* Begin PBXTargetDependency section */
		1EF64A911D07668D00B8CC1A /* PBXTargetDependency */ = {
			isa = PBXTargetDependency;
			target = 1EF64A7A1D07668C00B8CC1A /* parallax scroll view */;
			targetProxy = 1EF64A901D07668D00B8CC1A /* PBXContainerItemProxy */;
		};
		1EF64A9C1D07668D00B8CC1A /* PBXTargetDependency */ = {
			isa = PBXTargetDependency;
			target = 1EF64A7A1D07668C00B8CC1A /* parallax scroll view */;
			targetProxy = 1EF64A9B1D07668D00B8CC1A /* PBXContainerItemProxy */;
		};
/* End PBXTargetDependency section */

/* Begin PBXVariantGroup section */
		1EF64A821D07668C00B8CC1A /* Main.storyboard */ = {
			isa = PBXVariantGroup;
			children = (
				1EF64A831D07668C00B8CC1A /* Base */,
			);
			name = Main.storyboard;
			sourceTree = "<group>";
		};
		1EF64A871D07668C00B8CC1A /* LaunchScreen.storyboard */ = {
			isa = PBXVariantGroup;
			children = (
				1EF64A881D07668C00B8CC1A /* Base */,
			);
			name = LaunchScreen.storyboard;
			sourceTree = "<group>";
		};
/* End PBXVariantGroup section */

/* Begin XCBuildConfiguration section */
		1EF64AA11D07668D00B8CC1A /* Debug */ = {
			isa = XCBuildConfiguration;
			buildSettings = {
				ALWAYS_SEARCH_USER_PATHS = NO;
				CLANG_ANALYZER_NONNULL = YES;
				CLANG_CXX_LANGUAGE_STANDARD = "gnu++0x";
				CLANG_CXX_LIBRARY = "libc++";
				CLANG_ENABLE_MODULES = YES;
				CLANG_ENABLE_OBJC_ARC = YES;
				CLANG_WARN_BOOL_CONVERSION = YES;
				CLANG_WARN_CONSTANT_CONVERSION = YES;
				CLANG_WARN_DIRECT_OBJC_ISA_USAGE = YES_ERROR;
				CLANG_WARN_EMPTY_BODY = YES;
				CLANG_WARN_ENUM_CONVERSION = YES;
				CLANG_WARN_INT_CONVERSION = YES;
				CLANG_WARN_OBJC_ROOT_CLASS = YES_ERROR;
				CLANG_WARN_UNREACHABLE_CODE = YES;
				CLANG_WARN__DUPLICATE_METHOD_MATCH = YES;
				"CODE_SIGN_IDENTITY[sdk=iphoneos*]" = "iPhone Developer";
				COPY_PHASE_STRIP = NO;
				DEBUG_INFORMATION_FORMAT = dwarf;
				ENABLE_STRICT_OBJC_MSGSEND = YES;
				ENABLE_TESTABILITY = YES;
				GCC_C_LANGUAGE_STANDARD = gnu99;
				GCC_DYNAMIC_NO_PIC = NO;
				GCC_NO_COMMON_BLOCKS = YES;
				GCC_OPTIMIZATION_LEVEL = 0;
				GCC_PREPROCESSOR_DEFINITIONS = (
					"DEBUG=1",
					"$(inherited)",
				);
				GCC_WARN_64_TO_32_BIT_CONVERSION = YES;
				GCC_WARN_ABOUT_RETURN_TYPE = YES_ERROR;
				GCC_WARN_UNDECLARED_SELECTOR = YES;
				GCC_WARN_UNINITIALIZED_AUTOS = YES_AGGRESSIVE;
				GCC_WARN_UNUSED_FUNCTION = YES;
				GCC_WARN_UNUSED_VARIABLE = YES;
				IPHONEOS_DEPLOYMENT_TARGET = 9.3;
				MTL_ENABLE_DEBUG_INFO = YES;
				ONLY_ACTIVE_ARCH = YES;
				SDKROOT = iphoneos;
				SWIFT_OPTIMIZATION_LEVEL = "-Onone";
			};
			name = Debug;
		};
		1EF64AA21D07668D00B8CC1A /* Release */ = {
			isa = XCBuildConfiguration;
			buildSettings = {
				ALWAYS_SEARCH_USER_PATHS = NO;
				CLANG_ANALYZER_NONNULL = YES;
				CLANG_CXX_LANGUAGE_STANDARD = "gnu++0x";
				CLANG_CXX_LIBRARY = "libc++";
				CLANG_ENABLE_MODULES = YES;
				CLANG_ENABLE_OBJC_ARC = YES;
				CLANG_WARN_BOOL_CONVERSION = YES;
				CLANG_WARN_CONSTANT_CONVERSION = YES;
				CLANG_WARN_DIRECT_OBJC_ISA_USAGE = YES_ERROR;
				CLANG_WARN_EMPTY_BODY = YES;
				CLANG_WARN_ENUM_CONVERSION = YES;
				CLANG_WARN_INT_CONVERSION = YES;
				CLANG_WARN_OBJC_ROOT_CLASS = YES_ERROR;
				CLANG_WARN_UNREACHABLE_CODE = YES;
				CLANG_WARN__DUPLICATE_METHOD_MATCH = YES;
				"CODE_SIGN_IDENTITY[sdk=iphoneos*]" = "iPhone Developer";
				COPY_PHASE_STRIP = NO;
				DEBUG_INFORMATION_FORMAT = "dwarf-with-dsym";
				ENABLE_NS_ASSERTIONS = NO;
				ENABLE_STRICT_OBJC_MSGSEND = YES;
				GCC_C_LANGUAGE_STANDARD = gnu99;
				GCC_NO_COMMON_BLOCKS = YES;
				GCC_WARN_64_TO_32_BIT_CONVERSION = YES;
				GCC_WARN_ABOUT_RETURN_TYPE = YES_ERROR;
				GCC_WARN_UNDECLARED_SELECTOR = YES;
				GCC_WARN_UNINITIALIZED_AUTOS = YES_AGGRESSIVE;
				GCC_WARN_UNUSED_FUNCTION = YES;
				GCC_WARN_UNUSED_VARIABLE = YES;
				IPHONEOS_DEPLOYMENT_TARGET = 9.3;
				MTL_ENABLE_DEBUG_INFO = NO;
				SDKROOT = iphoneos;
				VALIDATE_PRODUCT = YES;
			};
			name = Release;
		};
		1EF64AA41D07668D00B8CC1A /* Debug */ = {
			isa = XCBuildConfiguration;
			buildSettings = {
				ASSETCATALOG_COMPILER_APPICON_NAME = AppIcon;
				CODE_SIGN_IDENTITY = "iPhone Developer";
				"CODE_SIGN_IDENTITY[sdk=iphoneos*]" = "iPhone Developer";
				INFOPLIST_FILE = "parallax scroll view/Info.plist";
				LD_RUNPATH_SEARCH_PATHS = "$(inherited) @executable_path/Frameworks";
				PRODUCT_BUNDLE_IDENTIFIER = "com.arunjot.parallax-scroll-view";
				PRODUCT_NAME = "$(TARGET_NAME)";
				PROVISIONING_PROFILE = "";
			};
			name = Debug;
		};
		1EF64AA51D07668D00B8CC1A /* Release */ = {
			isa = XCBuildConfiguration;
			buildSettings = {
				ASSETCATALOG_COMPILER_APPICON_NAME = AppIcon;
				CODE_SIGN_IDENTITY = "iPhone Developer";
				"CODE_SIGN_IDENTITY[sdk=iphoneos*]" = "iPhone Developer";
				INFOPLIST_FILE = "parallax scroll view/Info.plist";
				LD_RUNPATH_SEARCH_PATHS = "$(inherited) @executable_path/Frameworks";
				PRODUCT_BUNDLE_IDENTIFIER = "com.arunjot.parallax-scroll-view";
				PRODUCT_NAME = "$(TARGET_NAME)";
				PROVISIONING_PROFILE = "";
			};
			name = Release;
		};
		1EF64AA71D07668D00B8CC1A /* Debug */ = {
			isa = XCBuildConfiguration;
			buildSettings = {
				BUNDLE_LOADER = "$(TEST_HOST)";
				INFOPLIST_FILE = "parallax scroll viewTests/Info.plist";
				LD_RUNPATH_SEARCH_PATHS = "$(inherited) @executable_path/Frameworks @loader_path/Frameworks";
				PRODUCT_BUNDLE_IDENTIFIER = "com.arunjot.parallax-scroll-viewTests";
				PRODUCT_NAME = "$(TARGET_NAME)";
				TEST_HOST = "$(BUILT_PRODUCTS_DIR)/parallax scroll view.app/parallax scroll view";
			};
			name = Debug;
		};
		1EF64AA81D07668D00B8CC1A /* Release */ = {
			isa = XCBuildConfiguration;
			buildSettings = {
				BUNDLE_LOADER = "$(TEST_HOST)";
				INFOPLIST_FILE = "parallax scroll viewTests/Info.plist";
				LD_RUNPATH_SEARCH_PATHS = "$(inherited) @executable_path/Frameworks @loader_path/Frameworks";
				PRODUCT_BUNDLE_IDENTIFIER = "com.arunjot.parallax-scroll-viewTests";
				PRODUCT_NAME = "$(TARGET_NAME)";
				TEST_HOST = "$(BUILT_PRODUCTS_DIR)/parallax scroll view.app/parallax scroll view";
			};
			name = Release;
		};
		1EF64AAA1D07668D00B8CC1A /* Debug */ = {
			isa = XCBuildConfiguration;
			buildSettings = {
				INFOPLIST_FILE = "parallax scroll viewUITests/Info.plist";
				LD_RUNPATH_SEARCH_PATHS = "$(inherited) @executable_path/Frameworks @loader_path/Frameworks";
				PRODUCT_BUNDLE_IDENTIFIER = "com.arunjot.parallax-scroll-viewUITests";
				PRODUCT_NAME = "$(TARGET_NAME)";
				TEST_TARGET_NAME = "parallax scroll view";
			};
			name = Debug;
		};
		1EF64AAB1D07668D00B8CC1A /* Release */ = {
			isa = XCBuildConfiguration;
			buildSettings = {
				INFOPLIST_FILE = "parallax scroll viewUITests/Info.plist";
				LD_RUNPATH_SEARCH_PATHS = "$(inherited) @executable_path/Frameworks @loader_path/Frameworks";
				PRODUCT_BUNDLE_IDENTIFIER = "com.arunjot.parallax-scroll-viewUITests";
				PRODUCT_NAME = "$(TARGET_NAME)";
				TEST_TARGET_NAME = "parallax scroll view";
			};
			name = Release;
		};
/* End XCBuildConfiguration section */

/* Begin XCConfigurationList section */
		1EF64A761D07668C00B8CC1A /* Build configuration list for PBXProject "parallax scroll view" */ = {
			isa = XCConfigurationList;
			buildConfigurations = (
				1EF64AA11D07668D00B8CC1A /* Debug */,
				1EF64AA21D07668D00B8CC1A /* Release */,
			);
			defaultConfigurationIsVisible = 0;
			defaultConfigurationName = Release;
		};
		1EF64AA31D07668D00B8CC1A /* Build configuration list for PBXNativeTarget "parallax scroll view" */ = {
			isa = XCConfigurationList;
			buildConfigurations = (
				1EF64AA41D07668D00B8CC1A /* Debug */,
				1EF64AA51D07668D00B8CC1A /* Release */,
			);
			defaultConfigurationIsVisible = 0;
			defaultConfigurationName = Release;
		};
		1EF64AA61D07668D00B8CC1A /* Build configuration list for PBXNativeTarget "parallax scroll viewTests" */ = {
			isa = XCConfigurationList;
			buildConfigurations = (
				1EF64AA71D07668D00B8CC1A /* Debug */,
				1EF64AA81D07668D00B8CC1A /* Release */,
			);
			defaultConfigurationIsVisible = 0;
			defaultConfigurationName = Release;
		};
		1EF64AA91D07668D00B8CC1A /* Build configuration list for PBXNativeTarget "parallax scroll viewUITests" */ = {
			isa = XCConfigurationList;
			buildConfigurations = (
				1EF64AAA1D07668D00B8CC1A /* Debug */,
				1EF64AAB1D07668D00B8CC1A /* Release */,
			);
			defaultConfigurationIsVisible = 0;
			defaultConfigurationName = Release;
		};
/* End XCConfigurationList section */
	};
	rootObject = 1EF64A731D07668C00B8CC1A /* Project object */;
}
